PODS:
  - MASPreferences (1.3)
  - MediaKeyTap (2.2.1)

DEPENDENCIES:
  - MASPreferences
  - MediaKeyTap (from `https://github.com/reitermarkus/MediaKeyTap.git`)

SPEC REPOS:
  https://github.com/cocoapods/specs.git:
    - MASPreferences

EXTERNAL SOURCES:
  MediaKeyTap:
    :git: https://github.com/reitermarkus/MediaKeyTap.git

CHECKOUT OPTIONS:
  MediaKeyTap:
    :commit: d93fbf89a046a245af2f93c954157014e5d175f8
    :git: https://github.com/reitermarkus/MediaKeyTap.git

SPEC CHECKSUMS:
  MASPreferences: c08b8622dd17b47da87669e741efd7c92e970e8c
  MediaKeyTap: 737434cc2459e5fb9385f7e8974939ee833cd8ec

PODFILE CHECKSUM: 3618e0043a51760fd589d441fab32d36a00ca7b9

COCOAPODS: 1.6.1
